
Microsoft Visual Studio Solution File, Format Version 12.00
# Visual Studio 15
VisualStudioVersion = 15.0.28307.271
MinimumVisualStudioVersion = 10.0.40219.1
Project("{9A19103F-16F7-4668-BE54-9A1E7A4F7556}") = "Account.Domain", "src\Services\Account\Account.Domain\Account.Domain.csproj", "{396DAF65-3B0D-4EE3-9540-249A8FD0D83C}"
EndProject
Project("{9A19103F-16F7-4668-BE54-9A1E7A4F7556}") = "Account.Infrastructure", "src\Services\Account\Account.Infrastructure\Account.Infrastructure.csproj", "{F9593DDE-06A5-4771-8E80-5AFADC15CCF1}"
EndProject
Project("{9A19103F-16F7-4668-BE54-9A1E7A4F7556}") = "Account.Api", "src\Services\Account\Account.Api\Account.Api.csproj", "{5DB65ABB-C933-4F74-995E-390959720D0A}"
EndProject
Project("{2150E333-8FDC-42A3-9474-1A3956D46DE8}") = "Services", "Services", "{F570AE52-7F88-4D4C-83AC-C24519A23F88}"
EndProject
Project("{2150E333-8FDC-42A3-9474-1A3956D46DE8}") = "Account", "Account", "{62EC3FA0-5434-4F33-85BE-56AD789037EE}"
EndProject
Project("{2150E333-8FDC-42A3-9474-1A3956D46DE8}") = "BankRelease", "BankRelease", "{70614A7D-61FE-4465-85B9-28FCC4DED5B4}"
EndProject
Project("{9A19103F-16F7-4668-BE54-9A1E7A4F7556}") = "BankRelease.Infrastructure", "src\Services\BankRelease\BankRelease.Infrastructure\BankRelease.Infrastructure.csproj", "{0E048D82-C459-4B93-8BBE-E592A67FF5C7}"
EndProject
Project("{9A19103F-16F7-4668-BE54-9A1E7A4F7556}") = "BankRelease.Domain", "src\Services\BankRelease\BankRelease.Domain\BankRelease.Domain.csproj", "{4DE98478-E56E-4CF7-B04F-099CE824AA5C}"
EndProject
Project("{9A19103F-16F7-4668-BE54-9A1E7A4F7556}") = "BankRelease.Api", "src\Services\BankRelease\BankRelease.Api\BankRelease.Api.csproj", "{C3E93A86-649F-4FE1-AE85-BA0464EA669D}"
EndProject
Project("{9A19103F-16F7-4668-BE54-9A1E7A4F7556}") = "APIGateway", "src\APIGateway\APIGateway.csproj", "{9FD9707C-2724-4942-8546-596F7E1D2494}"
EndProject
Project("{9A19103F-16F7-4668-BE54-9A1E7A4F7556}") = "Account.UnitTests", "src\Services\Account\Account.UnitTests\Account.UnitTests.csproj", "{C5654D48-F218-45D5-AF97-C37167DD8D0A}"
EndProject
Project("{9A19103F-16F7-4668-BE54-9A1E7A4F7556}") = "BankRelease.UnitTests", "src\Services\BankRelease\BankRelease.UnitTests\BankRelease.UnitTests.csproj", "{99C97BBB-307D-48C5-A50D-F766F5DF1030}"
EndProject
Global
	GlobalSection(SolutionConfigurationPlatforms) = preSolution
		Debug|Any CPU = Debug|Any CPU
		Debug|ARM = Debug|ARM
		Debug|ARM64 = Debug|ARM64
		Debug|x64 = Debug|x64
		Debug|x86 = Debug|x86
		Release|Any CPU = Release|Any CPU
		Release|ARM = Release|ARM
		Release|ARM64 = Release|ARM64
		Release|x64 = Release|x64
		Release|x86 = Release|x86
	EndGlobalSection
	GlobalSection(ProjectConfigurationPlatforms) = postSolution
		{396DAF65-3B0D-4EE3-9540-249A8FD0D83C}.Debug|Any CPU.ActiveCfg = Debug|Any CPU
		{396DAF65-3B0D-4EE3-9540-249A8FD0D83C}.Debug|Any CPU.Build.0 = Debug|Any CPU
		{396DAF65-3B0D-4EE3-9540-249A8FD0D83C}.Debug|ARM.ActiveCfg = Debug|Any CPU
		{396DAF65-3B0D-4EE3-9540-249A8FD0D83C}.Debug|ARM.Build.0 = Debug|Any CPU
		{396DAF65-3B0D-4EE3-9540-249A8FD0D83C}.Debug|ARM64.ActiveCfg = Debug|Any CPU
		{396DAF65-3B0D-4EE3-9540-249A8FD0D83C}.Debug|ARM64.Build.0 = Debug|Any CPU
		{396DAF65-3B0D-4EE3-9540-249A8FD0D83C}.Debug|x64.ActiveCfg = Debug|Any CPU
		{396DAF65-3B0D-4EE3-9540-249A8FD0D83C}.Debug|x64.Build.0 = Debug|Any CPU
		{396DAF65-3B0D-4EE3-9540-249A8FD0D83C}.Debug|x86.ActiveCfg = Debug|Any CPU
		{396DAF65-3B0D-4EE3-9540-249A8FD0D83C}.Debug|x86.Build.0 = Debug|Any CPU
		{396DAF65-3B0D-4EE3-9540-249A8FD0D83C}.Release|Any CPU.ActiveCfg = Release|Any CPU
		{396DAF65-3B0D-4EE3-9540-249A8FD0D83C}.Release|Any CPU.Build.0 = Release|Any CPU
		{396DAF65-3B0D-4EE3-9540-249A8FD0D83C}.Release|ARM.ActiveCfg = Release|Any CPU
		{396DAF65-3B0D-4EE3-9540-249A8FD0D83C}.Release|ARM.Build.0 = Release|Any CPU
		{396DAF65-3B0D-4EE3-9540-249A8FD0D83C}.Release|ARM64.ActiveCfg = Release|Any CPU
		{396DAF65-3B0D-4EE3-9540-249A8FD0D83C}.Release|ARM64.Build.0 = Release|Any CPU
		{396DAF65-3B0D-4EE3-9540-249A8FD0D83C}.Release|x64.ActiveCfg = Release|Any CPU
		{396DAF65-3B0D-4EE3-9540-249A8FD0D83C}.Release|x64.Build.0 = Release|Any CPU
		{396DAF65-3B0D-4EE3-9540-249A8FD0D83C}.Release|x86.ActiveCfg = Release|Any CPU
		{396DAF65-3B0D-4EE3-9540-249A8FD0D83C}.Release|x86.Build.0 = Release|Any CPU
		{F9593DDE-06A5-4771-8E80-5AFADC15CCF1}.Debug|Any CPU.ActiveCfg = Debug|Any CPU
		{F9593DDE-06A5-4771-8E80-5AFADC15CCF1}.Debug|Any CPU.Build.0 = Debug|Any CPU
		{F9593DDE-06A5-4771-8E80-5AFADC15CCF1}.Debug|ARM.ActiveCfg = Debug|Any CPU
		{F9593DDE-06A5-4771-8E80-5AFADC15CCF1}.Debug|ARM.Build.0 = Debug|Any CPU
		{F9593DDE-06A5-4771-8E80-5AFADC15CCF1}.Debug|ARM64.ActiveCfg = Debug|Any CPU
		{F9593DDE-06A5-4771-8E80-5AFADC15CCF1}.Debug|ARM64.Build.0 = Debug|Any CPU
		{F9593DDE-06A5-4771-8E80-5AFADC15CCF1}.Debug|x64.ActiveCfg = Debug|Any CPU
		{F9593DDE-06A5-4771-8E80-5AFADC15CCF1}.Debug|x64.Build.0 = Debug|Any CPU
		{F9593DDE-06A5-4771-8E80-5AFADC15CCF1}.Debug|x86.ActiveCfg = Debug|Any CPU
		{F9593DDE-06A5-4771-8E80-5AFADC15CCF1}.Debug|x86.Build.0 = Debug|Any CPU
		{F9593DDE-06A5-4771-8E80-5AFADC15CCF1}.Release|Any CPU.ActiveCfg = Release|Any CPU
		{F9593DDE-06A5-4771-8E80-5AFADC15CCF1}.Release|Any CPU.Build.0 = Release|Any CPU
		{F9593DDE-06A5-4771-8E80-5AFADC15CCF1}.Release|ARM.ActiveCfg = Release|Any CPU
		{F9593DDE-06A5-4771-8E80-5AFADC15CCF1}.Release|ARM.Build.0 = Release|Any CPU
		{F9593DDE-06A5-4771-8E80-5AFADC15CCF1}.Release|ARM64.ActiveCfg = Release|Any CPU
		{F9593DDE-06A5-4771-8E80-5AFADC15CCF1}.Release|ARM64.Build.0 = Release|Any CPU
		{F9593DDE-06A5-4771-8E80-5AFADC15CCF1}.Release|x64.ActiveCfg = Release|Any CPU
		{F9593DDE-06A5-4771-8E80-5AFADC15CCF1}.Release|x64.Build.0 = Release|Any CPU
		{F9593DDE-06A5-4771-8E80-5AFADC15CCF1}.Release|x86.ActiveCfg = Release|Any CPU
		{F9593DDE-06A5-4771-8E80-5AFADC15CCF1}.Release|x86.Build.0 = Release|Any CPU
		{5DB65ABB-C933-4F74-995E-390959720D0A}.Debug|Any CPU.ActiveCfg = Debug|Any CPU
		{5DB65ABB-C933-4F74-995E-390959720D0A}.Debug|Any CPU.Build.0 = Debug|Any CPU
		{5DB65ABB-C933-4F74-995E-390959720D0A}.Debug|ARM.ActiveCfg = Debug|Any CPU
		{5DB65ABB-C933-4F74-995E-390959720D0A}.Debug|ARM.Build.0 = Debug|Any CPU
		{5DB65ABB-C933-4F74-995E-390959720D0A}.Debug|ARM64.ActiveCfg = Debug|Any CPU
		{5DB65ABB-C933-4F74-995E-390959720D0A}.Debug|ARM64.Build.0 = Debug|Any CPU
		{5DB65ABB-C933-4F74-995E-390959720D0A}.Debug|x64.ActiveCfg = Debug|Any CPU
		{5DB65ABB-C933-4F74-995E-390959720D0A}.Debug|x64.Build.0 = Debug|Any CPU
		{5DB65ABB-C933-4F74-995E-390959720D0A}.Debug|x86.ActiveCfg = Debug|Any CPU
		{5DB65ABB-C933-4F74-995E-390959720D0A}.Debug|x86.Build.0 = Debug|Any CPU
		{5DB65ABB-C933-4F74-995E-390959720D0A}.Release|Any CPU.ActiveCfg = Release|Any CPU
		{5DB65ABB-C933-4F74-995E-390959720D0A}.Release|Any CPU.Build.0 = Release|Any CPU
		{5DB65ABB-C933-4F74-995E-390959720D0A}.Release|ARM.ActiveCfg = Release|Any CPU
		{5DB65ABB-C933-4F74-995E-390959720D0A}.Release|ARM.Build.0 = Release|Any CPU
		{5DB65ABB-C933-4F74-995E-390959720D0A}.Release|ARM64.ActiveCfg = Release|Any CPU
		{5DB65ABB-C933-4F74-995E-390959720D0A}.Release|ARM64.Build.0 = Release|Any CPU
		{5DB65ABB-C933-4F74-995E-390959720D0A}.Release|x64.ActiveCfg = Release|Any CPU
		{5DB65ABB-C933-4F74-995E-390959720D0A}.Release|x64.Build.0 = Release|Any CPU
		{5DB65ABB-C933-4F74-995E-390959720D0A}.Release|x86.ActiveCfg = Release|Any CPU
		{5DB65ABB-C933-4F74-995E-390959720D0A}.Release|x86.Build.0 = Release|Any CPU
		{0E048D82-C459-4B93-8BBE-E592A67FF5C7}.Debug|Any CPU.ActiveCfg = Debug|Any CPU
		{0E048D82-C459-4B93-8BBE-E592A67FF5C7}.Debug|Any CPU.Build.0 = Debug|Any CPU
		{0E048D82-C459-4B93-8BBE-E592A67FF5C7}.Debug|ARM.ActiveCfg = Debug|Any CPU
		{0E048D82-C459-4B93-8BBE-E592A67FF5C7}.Debug|ARM.Build.0 = Debug|Any CPU
		{0E048D82-C459-4B93-8BBE-E592A67FF5C7}.Debug|ARM64.ActiveCfg = Debug|Any CPU
		{0E048D82-C459-4B93-8BBE-E592A67FF5C7}.Debug|ARM64.Build.0 = Debug|Any CPU
		{0E048D82-C459-4B93-8BBE-E592A67FF5C7}.Debug|x64.ActiveCfg = Debug|Any CPU
		{0E048D82-C459-4B93-8BBE-E592A67FF5C7}.Debug|x64.Build.0 = Debug|Any CPU
		{0E048D82-C459-4B93-8BBE-E592A67FF5C7}.Debug|x86.ActiveCfg = Debug|Any CPU
		{0E048D82-C459-4B93-8BBE-E592A67FF5C7}.Debug|x86.Build.0 = Debug|Any CPU
		{0E048D82-C459-4B93-8BBE-E592A67FF5C7}.Release|Any CPU.ActiveCfg = Release|Any CPU
		{0E048D82-C459-4B93-8BBE-E592A67FF5C7}.Release|Any CPU.Build.0 = Release|Any CPU
		{0E048D82-C459-4B93-8BBE-E592A67FF5C7}.Release|ARM.ActiveCfg = Release|Any CPU
		{0E048D82-C459-4B93-8BBE-E592A67FF5C7}.Release|ARM.Build.0 = Release|Any CPU
		{0E048D82-C459-4B93-8BBE-E592A67FF5C7}.Release|ARM64.ActiveCfg = Release|Any CPU
		{0E048D82-C459-4B93-8BBE-E592A67FF5C7}.Release|ARM64.Build.0 = Release|Any CPU
		{0E048D82-C459-4B93-8BBE-E592A67FF5C7}.Release|x64.ActiveCfg = Release|Any CPU
		{0E048D82-C459-4B93-8BBE-E592A67FF5C7}.Release|x64.Build.0 = Release|Any CPU
		{0E048D82-C459-4B93-8BBE-E592A67FF5C7}.Release|x86.ActiveCfg = Release|Any CPU
		{0E048D82-C459-4B93-8BBE-E592A67FF5C7}.Release|x86.Build.0 = Release|Any CPU
		{4DE98478-E56E-4CF7-B04F-099CE824AA5C}.Debug|Any CPU.ActiveCfg = Debug|Any CPU
		{4DE98478-E56E-4CF7-B04F-099CE824AA5C}.Debug|Any CPU.Build.0 = Debug|Any CPU
		{4DE98478-E56E-4CF7-B04F-099CE824AA5C}.Debug|ARM.ActiveCfg = Debug|Any CPU
		{4DE98478-E56E-4CF7-B04F-099CE824AA5C}.Debug|ARM.Build.0 = Debug|Any CPU
		{4DE98478-E56E-4CF7-B04F-099CE824AA5C}.Debug|ARM64.ActiveCfg = Debug|Any CPU
		{4DE98478-E56E-4CF7-B04F-099CE824AA5C}.Debug|ARM64.Build.0 = Debug|Any CPU
		{4DE98478-E56E-4CF7-B04F-099CE824AA5C}.Debug|x64.ActiveCfg = Debug|Any CPU
		{4DE98478-E56E-4CF7-B04F-099CE824AA5C}.Debug|x64.Build.0 = Debug|Any CPU
		{4DE98478-E56E-4CF7-B04F-099CE824AA5C}.Debug|x86.ActiveCfg = Debug|Any CPU
		{4DE98478-E56E-4CF7-B04F-099CE824AA5C}.Debug|x86.Build.0 = Debug|Any CPU
		{4DE98478-E56E-4CF7-B04F-099CE824AA5C}.Release|Any CPU.ActiveCfg = Release|Any CPU
		{4DE98478-E56E-4CF7-B04F-099CE824AA5C}.Release|Any CPU.Build.0 = Release|Any CPU
		{4DE98478-E56E-4CF7-B04F-099CE824AA5C}.Release|ARM.ActiveCfg = Release|Any CPU
		{4DE98478-E56E-4CF7-B04F-099CE824AA5C}.Release|ARM.Build.0 = Release|Any CPU
		{4DE98478-E56E-4CF7-B04F-099CE824AA5C}.Release|ARM64.ActiveCfg = Release|Any CPU
		{4DE98478-E56E-4CF7-B04F-099CE824AA5C}.Release|ARM64.Build.0 = Release|Any CPU
		{4DE98478-E56E-4CF7-B04F-099CE824AA5C}.Release|x64.ActiveCfg = Release|Any CPU
		{4DE98478-E56E-4CF7-B04F-099CE824AA5C}.Release|x64.Build.0 = Release|Any CPU
		{4DE98478-E56E-4CF7-B04F-099CE824AA5C}.Release|x86.ActiveCfg = Release|Any CPU
		{4DE98478-E56E-4CF7-B04F-099CE824AA5C}.Release|x86.Build.0 = Release|Any CPU
		{C3E93A86-649F-4FE1-AE85-BA0464EA669D}.Debug|Any CPU.ActiveCfg = Debug|Any CPU
		{C3E93A86-649F-4FE1-AE85-BA0464EA669D}.Debug|Any CPU.Build.0 = Debug|Any CPU
		{C3E93A86-649F-4FE1-AE85-BA0464EA669D}.Debug|ARM.ActiveCfg = Debug|Any CPU
		{C3E93A86-649F-4FE1-AE85-BA0464EA669D}.Debug|ARM.Build.0 = Debug|Any CPU
		{C3E93A86-649F-4FE1-AE85-BA0464EA669D}.Debug|ARM64.ActiveCfg = Debug|Any CPU
		{C3E93A86-649F-4FE1-AE85-BA0464EA669D}.Debug|ARM64.Build.0 = Debug|Any CPU
		{C3E93A86-649F-4FE1-AE85-BA0464EA669D}.Debug|x64.ActiveCfg = Debug|Any CPU
		{C3E93A86-649F-4FE1-AE85-BA0464EA669D}.Debug|x64.Build.0 = Debug|Any CPU
		{C3E93A86-649F-4FE1-AE85-BA0464EA669D}.Debug|x86.ActiveCfg = Debug|Any CPU
		{C3E93A86-649F-4FE1-AE85-BA0464EA669D}.Debug|x86.Build.0 = Debug|Any CPU
		{C3E93A86-649F-4FE1-AE85-BA0464EA669D}.Release|Any CPU.ActiveCfg = Release|Any CPU
		{C3E93A86-649F-4FE1-AE85-BA0464EA669D}.Release|Any CPU.Build.0 = Release|Any CPU
		{C3E93A86-649F-4FE1-AE85-BA0464EA669D}.Release|ARM.ActiveCfg = Release|Any CPU
		{C3E93A86-649F-4FE1-AE85-BA0464EA669D}.Release|ARM.Build.0 = Release|Any CPU
		{C3E93A86-649F-4FE1-AE85-BA0464EA669D}.Release|ARM64.ActiveCfg = Release|Any CPU
		{C3E93A86-649F-4FE1-AE85-BA0464EA669D}.Release|ARM64.Build.0 = Release|Any CPU
		{C3E93A86-649F-4FE1-AE85-BA0464EA669D}.Release|x64.ActiveCfg = Release|Any CPU
		{C3E93A86-649F-4FE1-AE85-BA0464EA669D}.Release|x64.Build.0 = Release|Any CPU
		{C3E93A86-649F-4FE1-AE85-BA0464EA669D}.Release|x86.ActiveCfg = Release|Any CPU
		{C3E93A86-649F-4FE1-AE85-BA0464EA669D}.Release|x86.Build.0 = Release|Any CPU
		{9FD9707C-2724-4942-8546-596F7E1D2494}.Debug|Any CPU.ActiveCfg = Debug|Any CPU
		{9FD9707C-2724-4942-8546-596F7E1D2494}.Debug|Any CPU.Build.0 = Debug|Any CPU
		{9FD9707C-2724-4942-8546-596F7E1D2494}.Debug|ARM.ActiveCfg = Debug|Any CPU
		{9FD9707C-2724-4942-8546-596F7E1D2494}.Debug|ARM.Build.0 = Debug|Any CPU
		{9FD9707C-2724-4942-8546-596F7E1D2494}.Debug|ARM64.ActiveCfg = Debug|Any CPU
		{9FD9707C-2724-4942-8546-596F7E1D2494}.Debug|ARM64.Build.0 = Debug|Any CPU
		{9FD9707C-2724-4942-8546-596F7E1D2494}.Debug|x64.ActiveCfg = Debug|Any CPU
		{9FD9707C-2724-4942-8546-596F7E1D2494}.Debug|x64.Build.0 = Debug|Any CPU
		{9FD9707C-2724-4942-8546-596F7E1D2494}.Debug|x86.ActiveCfg = Debug|Any CPU
		{9FD9707C-2724-4942-8546-596F7E1D2494}.Debug|x86.Build.0 = Debug|Any CPU
		{9FD9707C-2724-4942-8546-596F7E1D2494}.Release|Any CPU.ActiveCfg = Release|Any CPU
		{9FD9707C-2724-4942-8546-596F7E1D2494}.Release|Any CPU.Build.0 = Release|Any CPU
		{9FD9707C-2724-4942-8546-596F7E1D2494}.Release|ARM.ActiveCfg = Release|Any CPU
		{9FD9707C-2724-4942-8546-596F7E1D2494}.Release|ARM.Build.0 = Release|Any CPU
		{9FD9707C-2724-4942-8546-596F7E1D2494}.Release|ARM64.ActiveCfg = Release|Any CPU
		{9FD9707C-2724-4942-8546-596F7E1D2494}.Release|ARM64.Build.0 = Release|Any CPU
		{9FD9707C-2724-4942-8546-596F7E1D2494}.Release|x64.ActiveCfg = Release|Any CPU
		{9FD9707C-2724-4942-8546-596F7E1D2494}.Release|x64.Build.0 = Release|Any CPU
		{9FD9707C-2724-4942-8546-596F7E1D2494}.Release|x86.ActiveCfg = Release|Any CPU
		{9FD9707C-2724-4942-8546-596F7E1D2494}.Release|x86.Build.0 = Release|Any CPU
		{C5654D48-F218-45D5-AF97-C37167DD8D0A}.Debug|Any CPU.ActiveCfg = Debug|Any CPU
		{C5654D48-F218-45D5-AF97-C37167DD8D0A}.Debug|Any CPU.Build.0 = Debug|Any CPU
		{C5654D48-F218-45D5-AF97-C37167DD8D0A}.Debug|ARM.ActiveCfg = Debug|Any CPU
		{C5654D48-F218-45D5-AF97-C37167DD8D0A}.Debug|ARM.Build.0 = Debug|Any CPU
		{C5654D48-F218-45D5-AF97-C37167DD8D0A}.Debug|ARM64.ActiveCfg = Debug|Any CPU
		{C5654D48-F218-45D5-AF97-C37167DD8D0A}.Debug|ARM64.Build.0 = Debug|Any CPU
		{C5654D48-F218-45D5-AF97-C37167DD8D0A}.Debug|x64.ActiveCfg = Debug|Any CPU
		{C5654D48-F218-45D5-AF97-C37167DD8D0A}.Debug|x64.Build.0 = Debug|Any CPU
		{C5654D48-F218-45D5-AF97-C37167DD8D0A}.Debug|x86.ActiveCfg = Debug|Any CPU
		{C5654D48-F218-45D5-AF97-C37167DD8D0A}.Debug|x86.Build.0 = Debug|Any CPU
		{C5654D48-F218-45D5-AF97-C37167DD8D0A}.Release|Any CPU.ActiveCfg = Release|Any CPU
		{C5654D48-F218-45D5-AF97-C37167DD8D0A}.Release|Any CPU.Build.0 = Release|Any CPU
		{C5654D48-F218-45D5-AF97-C37167DD8D0A}.Release|ARM.ActiveCfg = Release|Any CPU
		{C5654D48-F218-45D5-AF97-C37167DD8D0A}.Release|ARM.Build.0 = Release|Any CPU
		{C5654D48-F218-45D5-AF97-C37167DD8D0A}.Release|ARM64.ActiveCfg = Release|Any CPU
		{C5654D48-F218-45D5-AF97-C37167DD8D0A}.Release|ARM64.Build.0 = Release|Any CPU
		{C5654D48-F218-45D5-AF97-C37167DD8D0A}.Release|x64.ActiveCfg = Release|Any CPU
		{C5654D48-F218-45D5-AF97-C37167DD8D0A}.Release|x64.Build.0 = Release|Any CPU
		{C5654D48-F218-45D5-AF97-C37167DD8D0A}.Release|x86.ActiveCfg = Release|Any CPU
		{C5654D48-F218-45D5-AF97-C37167DD8D0A}.Release|x86.Build.0 = Release|Any CPU
		{99C97BBB-307D-48C5-A50D-F766F5DF1030}.Debug|Any CPU.ActiveCfg = Debug|Any CPU
		{99C97BBB-307D-48C5-A50D-F766F5DF1030}.Debug|Any CPU.Build.0 = Debug|Any CPU
		{99C97BBB-307D-48C5-A50D-F766F5DF1030}.Debug|ARM.ActiveCfg = Debug|Any CPU
		{99C97BBB-307D-48C5-A50D-F766F5DF1030}.Debug|ARM.Build.0 = Debug|Any CPU
		{99C97BBB-307D-48C5-A50D-F766F5DF1030}.Debug|ARM64.ActiveCfg = Debug|Any CPU
		{99C97BBB-307D-48C5-A50D-F766F5DF1030}.Debug|ARM64.Build.0 = Debug|Any CPU
		{99C97BBB-307D-48C5-A50D-F766F5DF1030}.Debug|x64.ActiveCfg = Debug|Any CPU
		{99C97BBB-307D-48C5-A50D-F766F5DF1030}.Debug|x64.Build.0 = Debug|Any CPU
		{99C97BBB-307D-48C5-A50D-F766F5DF1030}.Debug|x86.ActiveCfg = Debug|Any CPU
		{99C97BBB-307D-48C5-A50D-F766F5DF1030}.Debug|x86.Build.0 = Debug|Any CPU
		{99C97BBB-307D-48C5-A50D-F766F5DF1030}.Release|Any CPU.ActiveCfg = Release|Any CPU
		{99C97BBB-307D-48C5-A50D-F766F5DF1030}.Release|Any CPU.Build.0 = Release|Any CPU
		{99C97BBB-307D-48C5-A50D-F766F5DF1030}.Release|ARM.ActiveCfg = Release|Any CPU
		{99C97BBB-307D-48C5-A50D-F766F5DF1030}.Release|ARM.Build.0 = Release|Any CPU
		{99C97BBB-307D-48C5-A50D-F766F5DF1030}.Release|ARM64.ActiveCfg = Release|Any CPU
		{99C97BBB-307D-48C5-A50D-F766F5DF1030}.Release|ARM64.Build.0 = Release|Any CPU
		{99C97BBB-307D-48C5-A50D-F766F5DF1030}.Release|x64.ActiveCfg = Release|Any CPU
		{99C97BBB-307D-48C5-A50D-F766F5DF1030}.Release|x64.Build.0 = Release|Any CPU
		{99C97BBB-307D-48C5-A50D-F766F5DF1030}.Release|x86.ActiveCfg = Release|Any CPU
		{99C97BBB-307D-48C5-A50D-F766F5DF1030}.Release|x86.Build.0 = Release|Any CPU
	EndGlobalSection
	GlobalSection(SolutionProperties) = preSolution
		HideSolutionNode = FALSE
	EndGlobalSection
	GlobalSection(NestedProjects) = preSolution
		{396DAF65-3B0D-4EE3-9540-249A8FD0D83C} = {62EC3FA0-5434-4F33-85BE-56AD789037EE}
		{F9593DDE-06A5-4771-8E80-5AFADC15CCF1} = {62EC3FA0-5434-4F33-85BE-56AD789037EE}
		{5DB65ABB-C933-4F74-995E-390959720D0A} = {62EC3FA0-5434-4F33-85BE-56AD789037EE}
		{62EC3FA0-5434-4F33-85BE-56AD789037EE} = {F570AE52-7F88-4D4C-83AC-C24519A23F88}
		{70614A7D-61FE-4465-85B9-28FCC4DED5B4} = {F570AE52-7F88-4D4C-83AC-C24519A23F88}
		{0E048D82-C459-4B93-8BBE-E592A67FF5C7} = {70614A7D-61FE-4465-85B9-28FCC4DED5B4}
		{4DE98478-E56E-4CF7-B04F-099CE824AA5C} = {70614A7D-61FE-4465-85B9-28FCC4DED5B4}
		{C3E93A86-649F-4FE1-AE85-BA0464EA669D} = {70614A7D-61FE-4465-85B9-28FCC4DED5B4}
		{C5654D48-F218-45D5-AF97-C37167DD8D0A} = {62EC3FA0-5434-4F33-85BE-56AD789037EE}
		{99C97BBB-307D-48C5-A50D-F766F5DF1030} = {70614A7D-61FE-4465-85B9-28FCC4DED5B4}
	EndGlobalSection
	GlobalSection(ExtensibilityGlobals) = postSolution
		SolutionGuid = {45FA86B3-17AE-4A47-8BE7-EED81D466C76}
	EndGlobalSection
EndGlobal
